// !$*UTF8*$!
{
	archiveVersion = 1;
	classes = {
	};
	objectVersion = 50;
	objects = {

/* Begin PBXBuildFile section */
		2AA667998D16775B809A38A6 /* libPods-gwyreact.a in Frameworks */ = {isa = PBXBuildFile; fileRef = 921FEC4D9F725AD73F57D1C8 /* libPods-gwyreact.a */; };
		6B740C9A224C5B830087EA2B /* RNViewController.m in Sources */ = {isa = PBXBuildFile; fileRef = 6B740C99224C5B830087EA2B /* RNViewController.m */; };
		6B740C9D224C64580087EA2B /* index.jsbundle in Resources */ = {isa = PBXBuildFile; fileRef = 6B740C9B224C64580087EA2B /* index.jsbundle */; };
		6B740C9E224C64580087EA2B /* index.jsbundle.meta in Resources */ = {isa = PBXBuildFile; fileRef = 6B740C9C224C64580087EA2B /* index.jsbundle.meta */; };
		6BA72EB3224BAD7000515150 /* AppDelegate.m in Sources */ = {isa = PBXBuildFile; fileRef = 6BA72EB2224BAD7000515150 /* AppDelegate.m */; };
		6BA72EB6224BAD7000515150 /* ViewController.m in Sources */ = {isa = PBXBuildFile; fileRef = 6BA72EB5224BAD7000515150 /* ViewController.m */; };
		6BA72EBB224BAD7100515150 /* Assets.xcassets in Resources */ = {isa = PBXBuildFile; fileRef = 6BA72EBA224BAD7100515150 /* Assets.xcassets */; };
		6BA72EBE224BAD7100515150 /* LaunchScreen.storyboard in Resources */ = {isa = PBXBuildFile; fileRef = 6BA72EBC224BAD7100515150 /* LaunchScreen.storyboard */; };
		6BA72EC1224BAD7100515150 /* main.m in Sources */ = {isa = PBXBuildFile; fileRef = 6BA72EC0224BAD7100515150 /* main.m */; };
/* End PBXBuildFile section */

/* Begin PBXFileReference section */
		50B7C469EA4BD9BE3B04E9AA /* Pods-gwyreact.debug.xcconfig */ = {isa = PBXFileReference; includeInIndex = 1; lastKnownFileType = text.xcconfig; name = "Pods-gwyreact.debug.xcconfig"; path = "Pods/Target Support Files/Pods-gwyreact/Pods-gwyreact.debug.xcconfig"; sourceTree = "<group>"; };
		697B0995D4B2AFCCB2CBA8F4 /* Pods-gwyreact.release.xcconfig */ = {isa = PBXFileReference; includeInIndex = 1; lastKnownFileType = text.xcconfig; name = "Pods-gwyreact.release.xcconfig"; path = "Pods/Target Support Files/Pods-gwyreact/Pods-gwyreact.release.xcconfig"; sourceTree = "<group>"; };
		6B740C98224C5B830087EA2B /* RNViewController.h */ = {isa = PBXFileReference; lastKnownFileType = sourcecode.c.h; path = RNViewController.h; sourceTree = "<group>"; };
		6B740C99224C5B830087EA2B /* RNViewController.m */ = {isa = PBXFileReference; lastKnownFileType = sourcecode.c.objc; path = RNViewController.m; sourceTree = "<group>"; };
		6B740C9B224C64580087EA2B /* index.jsbundle */ = {isa = PBXFileReference; fileEncoding = 4; lastKnownFileType = text; name = index.jsbundle; path = ReactNative/ios/bundle/index.jsbundle; sourceTree = SOURCE_ROOT; };
		6B740C9C224C64580087EA2B /* index.jsbundle.meta */ = {isa = PBXFileReference; fileEncoding = 4; lastKnownFileType = text; name = index.jsbundle.meta; path = ReactNative/ios/bundle/index.jsbundle.meta; sourceTree = SOURCE_ROOT; };
		6BA72EAE224BAD7000515150 /* gwyreact.app */ = {isa = PBXFileReference; explicitFileType = wrapper.application; includeInIndex = 0; path = gwyreact.app; sourceTree = BUILT_PRODUCTS_DIR; };
		6BA72EB1224BAD7000515150 /* AppDelegate.h */ = {isa = PBXFileReference; lastKnownFileType = sourcecode.c.h; path = AppDelegate.h; sourceTree = "<group>"; };
		6BA72EB2224BAD7000515150 /* AppDelegate.m */ = {isa = PBXFileReference; lastKnownFileType = sourcecode.c.objc; path = AppDelegate.m; sourceTree = "<group>"; };
		6BA72EB4224BAD7000515150 /* ViewController.h */ = {isa = PBXFileReference; lastKnownFileType = sourcecode.c.h; path = ViewController.h; sourceTree = "<group>"; };
		6BA72EB5224BAD7000515150 /* ViewController.m */ = {isa = PBXFileReference; lastKnownFileType = sourcecode.c.objc; path = ViewController.m; sourceTree = "<group>"; };
		6BA72EBA224BAD7100515150 /* Assets.xcassets */ = {isa = PBXFileReference; lastKnownFileType = folder.assetcatalog; path = Assets.xcassets; sourceTree = "<group>"; };
		6BA72EBD224BAD7100515150 /* Base */ = {isa = PBXFileReference; lastKnownFileType = file.storyboard; name = Base; path = Base.lproj/LaunchScreen.storyboard; sourceTree = "<group>"; };
		6BA72EBF224BAD7100515150 /* Info.plist */ = {isa = PBXFileReference; lastKnownFileType = text.plist.xml; path = Info.plist; sourceTree = "<group>"; };
		6BA72EC0224BAD7100515150 /* main.m */ = {isa = PBXFileReference; lastKnownFileType = sourcecode.c.objc; path = main.m; sourceTree = "<group>"; };
		921FEC4D9F725AD73F57D1C8 /* libPods-gwyreact.a */ = {isa = PBXFileReference; explicitFileType = archive.ar; includeInIndex = 0; path = "libPods-gwyreact.a"; sourceTree = BUILT_PRODUCTS_DIR; };
/* End PBXFileReference section */

/* Begin PBXFrameworksBuildPhase section */
		6BA72EAB224BAD7000515150 /* Frameworks */ = {
			isa = PBXFrameworksBuildPhase;
			buildActionMask = 2147483647;
			files = (
				2AA667998D16775B809A38A6 /* libPods-gwyreact.a in Frameworks */,
			);
			runOnlyForDeploymentPostprocessing = 0;
		};
/* End PBXFrameworksBuildPhase section */

/* Begin PBXGroup section */
		6119CF6A1FBBABBB0F880393 /* Frameworks */ = {
			isa = PBXGroup;
			children = (
				921FEC4D9F725AD73F57D1C8 /* libPods-gwyreact.a */,
			);
			name = Frameworks;
			sourceTree = "<group>";
		};
		6BA72EA5224BAD7000515150 = {
			isa = PBXGroup;
			children = (
				6BA72EB0224BAD7000515150 /* gwyreact */,
				6BA72EAF224BAD7000515150 /* Products */,
				B1FDB719B71CB9C1CA8B89EF /* Pods */,
				6119CF6A1FBBABBB0F880393 /* Frameworks */,
			);
			sourceTree = "<group>";
		};
		6BA72EAF224BAD7000515150 /* Products */ = {
			isa = PBXGroup;
			children = (
				6BA72EAE224BAD7000515150 /* gwyreact.app */,
			);
			name = Products;
			sourceTree = "<group>";
		};
		6BA72EB0224BAD7000515150 /* gwyreact */ = {
			isa = PBXGroup;
			children = (
				6B740C9B224C64580087EA2B /* index.jsbundle */,
				6B740C9C224C64580087EA2B /* index.jsbundle.meta */,
				6BA72EB1224BAD7000515150 /* AppDelegate.h */,
				6BA72EB2224BAD7000515150 /* AppDelegate.m */,
				6BA72EB4224BAD7000515150 /* ViewController.h */,
				6BA72EB5224BAD7000515150 /* ViewController.m */,
				6BA72EBA224BAD7100515150 /* Assets.xcassets */,
				6BA72EBC224BAD7100515150 /* LaunchScreen.storyboard */,
				6BA72EBF224BAD7100515150 /* Info.plist */,
				6BA72EC0224BAD7100515150 /* main.m */,
				6B740C98224C5B830087EA2B /* RNViewController.h */,
				6B740C99224C5B830087EA2B /* RNViewController.m */,
			);
			path = gwyreact;
			sourceTree = "<group>";
		};
		B1FDB719B71CB9C1CA8B89EF /* Pods */ = {
			isa = PBXGroup;
			children = (
				50B7C469EA4BD9BE3B04E9AA /* Pods-gwyreact.debug.xcconfig */,
				697B0995D4B2AFCCB2CBA8F4 /* Pods-gwyreact.release.xcconfig */,
			);
			name = Pods;
			sourceTree = "<group>";
		};
/* End PBXGroup section */

/* Begin PBXNativeTarget section */
		6BA72EAD224BAD7000515150 /* gwyreact */ = {
			isa = PBXNativeTarget;
			buildConfigurationList = 6BA72EC4224BAD7100515150 /* Build configuration list for PBXNativeTarget "gwyreact" */;
			buildPhases = (
				449CF85A95ACD7AA322A705B /* [CP] Check Pods Manifest.lock */,
				6BA72EAA224BAD7000515150 /* Sources */,
				6BA72EAB224BAD7000515150 /* Frameworks */,
				6BA72EAC224BAD7000515150 /* Resources */,
				B74FC3FCB2AB3B6E6F4111B0 /* [CP] Copy Pods Resources */,
			);
			buildRules = (
			);
			dependencies = (
			);
			name = gwyreact;
			productName = gwyreact;
			productReference = 6BA72EAE224BAD7000515150 /* gwyreact.app */;
			productType = "com.apple.product-type.application";
		};
/* End PBXNativeTarget section */

/* Begin PBXProject section */
		6BA72EA6224BAD7000515150 /* Project object */ = {
			isa = PBXProject;
			attributes = {
				LastUpgradeCheck = 1010;
				ORGANIZATIONNAME = "Ideal-link";
				TargetAttributes = {
					6BA72EAD224BAD7000515150 = {
						CreatedOnToolsVersion = 10.1;
					};
				};
			};
			buildConfigurationList = 6BA72EA9224BAD7000515150 /* Build configuration list for PBXProject "gwyreact" */;
			compatibilityVersion = "Xcode 9.3";
			developmentRegion = en;
			hasScannedForEncodings = 0;
			knownRegions = (
				en,
				Base,
			);
			mainGroup = 6BA72EA5224BAD7000515150;
			productRefGroup = 6BA72EAF224BAD7000515150 /* Products */;
			projectDirPath = "";
			projectRoot = "";
			targets = (
				6BA72EAD224BAD7000515150 /* gwyreact */,
			);
		};
/* End PBXProject section */

/* Begin PBXResourcesBuildPhase section */
		6BA72EAC224BAD7000515150 /* Resources */ = {
			isa = PBXResourcesBuildPhase;
			buildActionMask = 2147483647;
			files = (
				6B740C9D224C64580087EA2B /* index.jsbundle in Resources */,
				6B740C9E224C64580087EA2B /* index.jsbundle.meta in Resources */,
				6BA72EBE224BAD7100515150 /* LaunchScreen.storyboard in Resources */,
				6BA72EBB224BAD7100515150 /* Assets.xcassets in Resources */,
			);
			runOnlyForDeploymentPostprocessing = 0;
		};
/* End PBXResourcesBuildPhase section */

/* Begin PBXShellScriptBuildPhase section */
		449CF85A95ACD7AA322A705B /* [CP] Check Pods Manifest.lock */ = {
			isa = PBXShellScriptBuildPhase;
			buildActionMask = 2147483647;
			files = (
			);
			inputFileListPaths = (
			);
			inputPaths = (
				"${PODS_PODFILE_DIR_PATH}/Podfile.lock",
				"${PODS_ROOT}/Manifest.lock",
			);
			name = "[CP] Check Pods Manifest.lock";
			outputFileListPaths = (
			);
			outputPaths = (
				"$(DERIVED_FILE_DIR)/Pods-gwyreact-checkManifestLockResult.txt",
			);
			runOnlyForDeploymentPostprocessing = 0;
			shellPath = /bin/sh;
			shellScript = "diff \"${PODS_PODFILE_DIR_PATH}/Podfile.lock\" \"${PODS_ROOT}/Manifest.lock\" > /dev/null\nif [ $? != 0 ] ; then\n    # print error to STDERR\n    echo \"error: The sandbox is not in sync with the Podfile.lock. Run 'pod install' or update your CocoaPods installation.\" >&2\n    exit 1\nfi\n# This output is used by Xcode 'outputs' to avoid re-running this script phase.\necho \"SUCCESS\" > \"${SCRIPT_OUTPUT_FILE_0}\"\n";
			showEnvVarsInLog = 0;
		};
		B74FC3FCB2AB3B6E6F4111B0 /* [CP] Copy Pods Resources */ = {
			isa = PBXShellScriptBuildPhase;
			buildActionMask = 2147483647;
			files = (
			);
			inputFileListPaths = (
			);
			inputPaths = (
				"${SRCROOT}/Pods/Target Support Files/Pods-gwyreact/Pods-gwyreact-resources.sh",
				"${PODS_ROOT}/../ReactNative/node_modules/react-native-vector-icons/Fonts/Entypo.ttf",
				"${PODS_ROOT}/../ReactNative/node_modules/react-native-vector-icons/Fonts/EvilIcons.ttf",
				"${PODS_ROOT}/../ReactNative/node_modules/react-native-vector-icons/Fonts/Feather.ttf",
				"${PODS_ROOT}/../ReactNative/node_modules/react-native-vector-icons/Fonts/FontAwesome.ttf",
				"${PODS_ROOT}/../ReactNative/node_modules/react-native-vector-icons/Fonts/Foundation.ttf",
				"${PODS_ROOT}/../ReactNative/node_modules/react-native-vector-icons/Fonts/Ionicons.ttf",
				"${PODS_ROOT}/../ReactNative/node_modules/react-native-vector-icons/Fonts/MaterialCommunityIcons.ttf",
				"${PODS_ROOT}/../ReactNative/node_modules/react-native-vector-icons/Fonts/MaterialIcons.ttf",
				"${PODS_ROOT}/../ReactNative/node_modules/react-native-vector-icons/Fonts/Octicons.ttf",
				"${PODS_ROOT}/../ReactNative/node_modules/react-native-vector-icons/Fonts/SimpleLineIcons.ttf",
				"${PODS_ROOT}/../ReactNative/node_modules/react-native-vector-icons/Fonts/Zocial.ttf",
			);
			name = "[CP] Copy Pods Resources";
			outputFileListPaths = (
			);
			outputPaths = (
				"${TARGET_BUILD_DIR}/${UNLOCALIZED_RESOURCES_FOLDER_PATH}/Entypo.ttf",
				"${TARGET_BUILD_DIR}/${UNLOCALIZED_RESOURCES_FOLDER_PATH}/EvilIcons.ttf",
				"${TARGET_BUILD_DIR}/${UNLOCALIZED_RESOURCES_FOLDER_PATH}/Feather.ttf",
				"${TARGET_BUILD_DIR}/${UNLOCALIZED_RESOURCES_FOLDER_PATH}/FontAwesome.ttf",
				"${TARGET_BUILD_DIR}/${UNLOCALIZED_RESOURCES_FOLDER_PATH}/Foundation.ttf",
				"${TARGET_BUILD_DIR}/${UNLOCALIZED_RESOURCES_FOLDER_PATH}/Ionicons.ttf",
				"${TARGET_BUILD_DIR}/${UNLOCALIZED_RESOURCES_FOLDER_PATH}/MaterialCommunityIcons.ttf",
				"${TARGET_BUILD_DIR}/${UNLOCALIZED_RESOURCES_FOLDER_PATH}/MaterialIcons.ttf",
				"${TARGET_BUILD_DIR}/${UNLOCALIZED_RESOURCES_FOLDER_PATH}/Octicons.ttf",
				"${TARGET_BUILD_DIR}/${UNLOCALIZED_RESOURCES_FOLDER_PATH}/SimpleLineIcons.ttf",
				"${TARGET_BUILD_DIR}/${UNLOCALIZED_RESOURCES_FOLDER_PATH}/Zocial.ttf",
			);
			runOnlyForDeploymentPostprocessing = 0;
			shellPath = /bin/sh;
			shellScript = "\"${SRCROOT}/Pods/Target Support Files/Pods-gwyreact/Pods-gwyreact-resources.sh\"\n";
			showEnvVarsInLog = 0;
		};
/* End PBXShellScriptBuildPhase section */

/* Begin PBXSourcesBuildPhase section */
		6BA72EAA224BAD7000515150 /* Sources */ = {
			isa = PBXSourcesBuildPhase;
			buildActionMask = 2147483647;
			files = (
				6B740C9A224C5B830087EA2B /* RNViewController.m in Sources */,
				6BA72EB6224BAD7000515150 /* ViewController.m in Sources */,
				6BA72EC1224BAD7100515150 /* main.m in Sources */,
				6BA72EB3224BAD7000515150 /* AppDelegate.m in Sources */,
			);
			runOnlyForDeploymentPostprocessing = 0;
		};
/* End PBXSourcesBuildPhase section */

/* Begin PBXVariantGroup section */
		6BA72EBC224BAD7100515150 /* LaunchScreen.storyboard */ = {
			isa = PBXVariantGroup;
			children = (
				6BA72EBD224BAD7100515150 /* Base */,
			);
			name = LaunchScreen.storyboard;
			sourceTree = "<group>";
		};
/* End PBXVariantGroup section */

/* Begin XCBuildConfiguration section */
		6BA72EC2224BAD7100515150 /* Debug */ = {
			isa = XCBuildConfiguration;
			buildSettings = {
				ALWAYS_SEARCH_USER_PATHS = NO;
				CLANG_ANALYZER_NONNULL = YES;
				CLANG_ANALYZER_NUMBER_OBJECT_CONVERSION = YES_AGGRESSIVE;
				CLANG_CXX_LANGUAGE_STANDARD = "gnu++14";
				CLANG_CXX_LIBRARY = "libc++";
				CLANG_ENABLE_MODULES = YES;
				CLANG_ENABLE_OBJC_ARC = YES;
				CLANG_ENABLE_OBJC_WEAK = YES;
				CLANG_WARN_BLOCK_CAPTURE_AUTORELEASING = YES;
				CLANG_WARN_BOOL_CONVERSION = YES;
				CLANG_WARN_COMMA = YES;
				CLANG_WARN_CONSTANT_CONVERSION = YES;
				CLANG_WARN_DEPRECATED_OBJC_IMPLEMENTATIONS = YES;
				CLANG_WARN_DIRECT_OBJC_ISA_USAGE = YES_ERROR;
				CLANG_WARN_DOCUMENTATION_COMMENTS = YES;
				CLANG_WARN_EMPTY_BODY = YES;
				CLANG_WARN_ENUM_CONVERSION = YES;
				CLANG_WARN_INFINITE_RECURSION = YES;
				CLANG_WARN_INT_CONVERSION = YES;
				CLANG_WARN_NON_LITERAL_NULL_CONVERSION = YES;
				CLANG_WARN_OBJC_IMPLICIT_RETAIN_SELF = YES;
				CLANG_WARN_OBJC_LITERAL_CONVERSION = YES;
				CLANG_WARN_OBJC_ROOT_CLASS = YES_ERROR;
				CLANG_WARN_RANGE_LOOP_ANALYSIS = YES;
				CLANG_WARN_STRICT_PROTOTYPES = YES;
				CLANG_WARN_SUSPICIOUS_MOVE = YES;
				CLANG_WARN_UNGUARDED_AVAILABILITY = YES_AGGRESSIVE;
				CLANG_WARN_UNREACHABLE_CODE = YES;
				CLANG_WARN__DUPLICATE_METHOD_MATCH = YES;
				CODE_SIGN_IDENTITY = "iPhone Developer";
				COPY_PHASE_STRIP = NO;
				DEBUG_INFORMATION_FORMAT = dwarf;
				ENABLE_STRICT_OBJC_MSGSEND = YES;
				ENABLE_TESTABILITY = YES;
				GCC_C_LANGUAGE_STANDARD = gnu11;
				GCC_DYNAMIC_NO_PIC = NO;
				GCC_NO_COMMON_BLOCKS = YES;
				GCC_OPTIMIZATION_LEVEL = 0;
				GCC_PREPROCESSOR_DEFINITIONS = (
					"DEBUG=1",
					"$(inherited)",
				);
				GCC_WARN_64_TO_32_BIT_CONVERSION = YES;
				GCC_WARN_ABOUT_RETURN_TYPE = YES_ERROR;
				GCC_WARN_UNDECLARED_SELECTOR = YES;
				GCC_WARN_UNINITIALIZED_AUTOS = YES_AGGRESSIVE;
				GCC_WARN_UNUSED_FUNCTION = YES;
				GCC_WARN_UNUSED_VARIABLE = YES;
				IPHONEOS_DEPLOYMENT_TARGET = 12.1;
				MTL_ENABLE_DEBUG_INFO = INCLUDE_SOURCE;
				MTL_FAST_MATH = YES;
				ONLY_ACTIVE_ARCH = YES;
				SDKROOT = iphoneos;
			};
			name = Debug;
		};
		6BA72EC3224BAD7100515150 /* Release */ = {
			isa = XCBuildConfiguration;
			buildSettings = {
				ALWAYS_SEARCH_USER_PATHS = NO;
				CLANG_ANALYZER_NONNULL = YES;
				CLANG_ANALYZER_NUMBER_OBJECT_CONVERSION = YES_AGGRESSIVE;
				CLANG_CXX_LANGUAGE_STANDARD = "gnu++14";
				CLANG_CXX_LIBRARY = "libc++";
				CLANG_ENABLE_MODULES = YES;
				CLANG_ENABLE_OBJC_ARC = YES;
				CLANG_ENABLE_OBJC_WEAK = YES;
				CLANG_WARN_BLOCK_CAPTURE_AUTORELEASING = YES;
				CLANG_WARN_BOOL_CONVERSION = YES;
				CLANG_WARN_COMMA = YES;
				CLANG_WARN_CONSTANT_CONVERSION = YES;
				CLANG_WARN_DEPRECATED_OBJC_IMPLEMENTATIONS = YES;
				CLANG_WARN_DIRECT_OBJC_ISA_USAGE = YES_ERROR;
				CLANG_WARN_DOCUMENTATION_COMMENTS = YES;
				CLANG_WARN_EMPTY_BODY = YES;
				CLANG_WARN_ENUM_CONVERSION = YES;
				CLANG_WARN_INFINITE_RECURSION = YES;
				CLANG_WARN_INT_CONVERSION = YES;
				CLANG_WARN_NON_LITERAL_NULL_CONVERSION = YES;
				CLANG_WARN_OBJC_IMPLICIT_RETAIN_SELF = YES;
				CLANG_WARN_OBJC_LITERAL_CONVERSION = YES;
				CLANG_WARN_OBJC_ROOT_CLASS = YES_ERROR;
				CLANG_WARN_RANGE_LOOP_ANALYSIS = YES;
				CLANG_WARN_STRICT_PROTOTYPES = YES;
				CLANG_WARN_SUSPICIOUS_MOVE = YES;
				CLANG_WARN_UNGUARDED_AVAILABILITY = YES_AGGRESSIVE;
				CLANG_WARN_UNREACHABLE_CODE = YES;
				CLANG_WARN__DUPLICATE_METHOD_MATCH = YES;
				CODE_SIGN_IDENTITY = "iPhone Developer";
				COPY_PHASE_STRIP = NO;
				DEBUG_INFORMATION_FORMAT = "dwarf-with-dsym";
				ENABLE_NS_ASSERTIONS = NO;
				ENABLE_STRICT_OBJC_MSGSEND = YES;
				GCC_C_LANGUAGE_STANDARD = gnu11;
				GCC_NO_COMMON_BLOCKS = YES;
				GCC_WARN_64_TO_32_BIT_CONVERSION = YES;
				GCC_WARN_ABOUT_RETURN_TYPE = YES_ERROR;
				GCC_WARN_UNDECLARED_SELECTOR = YES;
				GCC_WARN_UNINITIALIZED_AUTOS = YES_AGGRESSIVE;
				GCC_WARN_UNUSED_FUNCTION = YES;
				GCC_WARN_UNUSED_VARIABLE = YES;
				IPHONEOS_DEPLOYMENT_TARGET = 12.1;
				MTL_ENABLE_DEBUG_INFO = NO;
				MTL_FAST_MATH = YES;
				SDKROOT = iphoneos;
				VALIDATE_PRODUCT = YES;
			};
			name = Release;
		};
		6BA72EC5224BAD7100515150 /* Debug */ = {
			isa = XCBuildConfiguration;
			baseConfigurationReference = 50B7C469EA4BD9BE3B04E9AA /* Pods-gwyreact.debug.xcconfig */;
			buildSettings = {
				ASSETCATALOG_COMPILER_APPICON_NAME = AppIcon;
				CODE_SIGN_STYLE = Automatic;
				DEVELOPMENT_TEAM = CY3E8BKFM9;
				INFOPLIST_FILE = gwyreact/Info.plist;
				LD_RUNPATH_SEARCH_PATHS = (
					"$(inherited)",
					"@executable_path/Frameworks",
				);
				PRODUCT_BUNDLE_IDENTIFIER = net.gongwuyun.gwyreact;
				PRODUCT_NAME = "$(TARGET_NAME)";
				TARGETED_DEVICE_FAMILY = "1,2";
			};
			name = Debug;
		};
		6BA72EC6224BAD7100515150 /* Release */ = {
			isa = XCBuildConfiguration;
			baseConfigurationReference = 697B0995D4B2AFCCB2CBA8F4 /* Pods-gwyreact.release.xcconfig */;
			buildSettings = {
				ASSETCATALOG_COMPILER_APPICON_NAME = AppIcon;
				CODE_SIGN_STYLE = Automatic;
				DEVELOPMENT_TEAM = CY3E8BKFM9;
				INFOPLIST_FILE = gwyreact/Info.plist;
				LD_RUNPATH_SEARCH_PATHS = (
					"$(inherited)",
					"@executable_path/Frameworks",
				);
				PRODUCT_BUNDLE_IDENTIFIER = net.gongwuyun.gwyreact;
				PRODUCT_NAME = "$(TARGET_NAME)";
				TARGETED_DEVICE_FAMILY = "1,2";
			};
			name = Release;
		};
/* End XCBuildConfiguration section */

/* Begin XCConfigurationList section */
		6BA72EA9224BAD7000515150 /* Build configuration list for PBXProject "gwyreact" */ = {
			isa = XCConfigurationList;
			buildConfigurations = (
				6BA72EC2224BAD7100515150 /* Debug */,
				6BA72EC3224BAD7100515150 /* Release */,
			);
			defaultConfigurationIsVisible = 0;
			defaultConfigurationName = Release;
		};
		6BA72EC4224BAD7100515150 /* Build configuration list for PBXNativeTarget "gwyreact" */ = {
			isa = XCConfigurationList;
			buildConfigurations = (
				6BA72EC5224BAD7100515150 /* Debug */,
				6BA72EC6224BAD7100515150 /* Release */,
			);
			defaultConfigurationIsVisible = 0;
			defaultConfigurationName = Release;
		};
/* End XCConfigurationList section */
	};
	rootObject = 6BA72EA6224BAD7000515150 /* Project object */;
}
